# This file is automatically @generated by Cargo.
# It is not intended for manual editing.
[[package]]
name = "autotools"
version = "0.2.1"
source = "registry+https://github.com/rust-lang/crates.io-index"
checksum = "774fd1b2d459a939302a0bad631a3de176b8bd5f87cbfc28ceb1f6c18d731094"
dependencies = [
 "cc",
]

[[package]]
name = "build-deps"
version = "0.1.4"
source = "registry+https://github.com/rust-lang/crates.io-index"
checksum = "64f14468960818ce4f3e3553c32d524446687884f8e7af5d3e252331d8a87e43"
dependencies = [
 "glob",
]

[[package]]
name = "cc"
version = "1.0.60"
source = "registry+https://github.com/rust-lang/crates.io-index"
checksum = "ef611cc68ff783f18535d77ddd080185275713d852c4f5cbb6122c462a7a825c"

[[package]]
name = "glob"
version = "0.3.0"
source = "registry+https://github.com/rust-lang/crates.io-index"
checksum = "9b919933a397b79c37e33b77bb2aa3dc8eb6e165ad809e58ff75bc7db2e34574"

[[package]]
name = "pkg-config"
version = "0.3.18"
source = "registry+https://github.com/rust-lang/crates.io-index"
checksum = "d36492546b6af1463394d46f0c834346f31548646f6ba10849802c9c9a27ac33"

[[package]]
name = "xz-sys"
version = "5.2.5"
dependencies = [
 "autotools",
 "build-deps",
 "pkg-config",
]
